
Microsoft Visual Studio Solution File, Format Version 12.00
# Visual Studio Version 17
VisualStudioVersion = 17.4.33213.308
MinimumVisualStudioVersion = 10.0.40219.1
Project("{FAE04EC0-301F-11D3-BF4B-00C04F79EFBC}") = "LavRet", "LavRet\LavRet.csproj", "{46C285E7-790F-44B5-BAC5-95DA0DF14605}"
EndProject
Global
	GlobalSection(SolutionConfigurationPlatforms) = preSolution
		Debug|Any CPU = Debug|Any CPU
		Release|Any CPU = Release|Any CPU
	EndGlobalSection
	GlobalSection(ProjectConfigurationPlatforms) = postSolution
		{46C285E7-790F-44B5-BAC5-95DA0DF14605}.Debug|Any CPU.ActiveCfg = Debug|Any CPU
		{46C285E7-790F-44B5-BAC5-95DA0DF14605}.Debug|Any CPU.Build.0 = Debug|Any CPU
		{46C285E7-790F-44B5-BAC5-95DA0DF14605}.Release|Any CPU.ActiveCfg = Release|Any CPU
		{46C285E7-790F-44B5-BAC5-95DA0DF14605}.Release|Any CPU.Build.0 = Release|Any CPU
	EndGlobalSection
	GlobalSection(SolutionProperties) = preSolution
		HideSolutionNode = FALSE
	EndGlobalSection
	GlobalSection(ExtensibilityGlobals) = postSolution
		SolutionGuid = {60AF9DCA-2F47-4A12-8C37-EE515F21202C}
	EndGlobalSection
EndGlobal
